# This file is automatically @generated by Poetry 1.4.1 and should not be changed by hand.

[[package]]
name = "pypika"
version = "0.48.9"
description = "A SQL query builder API for Python"
category = "main"
optional = false
python-versions = "*"
files = [
    {file = "PyPika-0.48.9.tar.gz", hash = "sha256:838836a61747e7c8380cd1b7ff638694b7a7335345d0f559b04b2cd832ad5378"},
]

[metadata]
lock-version = "2.0"
python-versions = "^3.11"
content-hash = "731f5f544cf5d9eaa619a7989a3eef08c485e4b88e922fc9fae34d37c7c81544"
